
Microsoft Visual Studio Solution File, Format Version 12.00
# Visual Studio Version 17
VisualStudioVersion = 17.0.31903.59
MinimumVisualStudioVersion = 10.0.40219.1
Project("{9A19103F-16F7-4668-BE54-9A1E7A4F7556}") = "YouAndI_API", "YouAndI_API.csproj", "{26540D53-BD09-4EE4-850E-C2B1DD3319D0}"
EndProject
Project("{FAE04EC0-301F-11D3-BF4B-00C04F79EFBC}") = "YouAndI_Model", "..\YouAndI_Model\YouAndI_Model.csproj", "{AADD22E4-DA37-4AA4-9C22-66EF6BCFCE8A}"
EndProject
Project("{FAE04EC0-301F-11D3-BF4B-00C04F79EFBC}") = "YouAndI_Entity", "..\YouAndI_Entity\YouAndI_Entity.csproj", "{FB8FD782-AF0A-4EA7-9714-1EDED8814EB1}"
EndProject
Global
	GlobalSection(SolutionConfigurationPlatforms) = preSolution
		Debug|Any CPU = Debug|Any CPU
		Release|Any CPU = Release|Any CPU
	EndGlobalSection
	GlobalSection(ProjectConfigurationPlatforms) = postSolution
		{26540D53-BD09-4EE4-850E-C2B1DD3319D0}.Debug|Any CPU.ActiveCfg = Debug|Any CPU
		{26540D53-BD09-4EE4-850E-C2B1DD3319D0}.Debug|Any CPU.Build.0 = Debug|Any CPU
		{26540D53-BD09-4EE4-850E-C2B1DD3319D0}.Release|Any CPU.ActiveCfg = Release|Any CPU
		{26540D53-BD09-4EE4-850E-C2B1DD3319D0}.Release|Any CPU.Build.0 = Release|Any CPU
		{AADD22E4-DA37-4AA4-9C22-66EF6BCFCE8A}.Debug|Any CPU.ActiveCfg = Debug|Any CPU
		{AADD22E4-DA37-4AA4-9C22-66EF6BCFCE8A}.Debug|Any CPU.Build.0 = Debug|Any CPU
		{AADD22E4-DA37-4AA4-9C22-66EF6BCFCE8A}.Release|Any CPU.ActiveCfg = Release|Any CPU
		{AADD22E4-DA37-4AA4-9C22-66EF6BCFCE8A}.Release|Any CPU.Build.0 = Release|Any CPU
		{FB8FD782-AF0A-4EA7-9714-1EDED8814EB1}.Debug|Any CPU.ActiveCfg = Debug|Any CPU
		{FB8FD782-AF0A-4EA7-9714-1EDED8814EB1}.Debug|Any CPU.Build.0 = Debug|Any CPU
		{FB8FD782-AF0A-4EA7-9714-1EDED8814EB1}.Release|Any CPU.ActiveCfg = Release|Any CPU
		{FB8FD782-AF0A-4EA7-9714-1EDED8814EB1}.Release|Any CPU.Build.0 = Release|Any CPU
	EndGlobalSection
	GlobalSection(SolutionProperties) = preSolution
		HideSolutionNode = FALSE
	EndGlobalSection
	GlobalSection(ExtensibilityGlobals) = postSolution
		SolutionGuid = {8A10E0E1-24C2-4223-8A86-58B2C5DF2591}
	EndGlobalSection
EndGlobal
